
Microsoft Visual Studio Solution File, Format Version 12.00
# Visual Studio Version 17
VisualStudioVersion = 17.0.32014.148
MinimumVisualStudioVersion = 10.0.40219.1
Project("{FAE04EC0-301F-11D3-BF4B-00C04F79EFBC}") = "20521110_TranQuocBao", "20521110_TranQuocBao\20521110_TranQuocBao.csproj", "{F56F1187-B2BE-41FE-ADEB-208B06B541CF}"
EndProject
Global
	GlobalSection(SolutionConfigurationPlatforms) = preSolution
		Debug|Any CPU = Debug|Any CPU
		Release|Any CPU = Release|Any CPU
	EndGlobalSection
	GlobalSection(ProjectConfigurationPlatforms) = postSolution
		{F56F1187-B2BE-41FE-ADEB-208B06B541CF}.Debug|Any CPU.ActiveCfg = Debug|Any CPU
		{F56F1187-B2BE-41FE-ADEB-208B06B541CF}.Debug|Any CPU.Build.0 = Debug|Any CPU
		{F56F1187-B2BE-41FE-ADEB-208B06B541CF}.Release|Any CPU.ActiveCfg = Release|Any CPU
		{F56F1187-B2BE-41FE-ADEB-208B06B541CF}.Release|Any CPU.Build.0 = Release|Any CPU
	EndGlobalSection
	GlobalSection(SolutionProperties) = preSolution
		HideSolutionNode = FALSE
	EndGlobalSection
	GlobalSection(ExtensibilityGlobals) = postSolution
		SolutionGuid = {B09B4C95-5843-4DDB-9ED0-1F8ED11B0B25}
	EndGlobalSection
EndGlobal
